
Microsoft Visual Studio Solution File, Format Version 12.00
# Visual Studio Version 16
VisualStudioVersion = 16.0.31410.357
MinimumVisualStudioVersion = 10.0.40219.1
Project("{FAE04EC0-301F-11D3-BF4B-00C04F79EFBC}") = "Pozoristeee", "Pozoristeee\Pozoristeee.csproj", "{4BF17A9B-CE73-413A-9777-829F6D688A4F}"
EndProject
Project("{FAE04EC0-301F-11D3-BF4B-00C04F79EFBC}") = "PozoristeClient", "PozoristeClient\PozoristeClient.csproj", "{7B723407-7251-44F8-A31F-CB34B4A97C97}"
EndProject
Global
	GlobalSection(SolutionConfigurationPlatforms) = preSolution
		Debug|Any CPU = Debug|Any CPU
		Release|Any CPU = Release|Any CPU
	EndGlobalSection
	GlobalSection(ProjectConfigurationPlatforms) = postSolution
		{4BF17A9B-CE73-413A-9777-829F6D688A4F}.Debug|Any CPU.ActiveCfg = Debug|Any CPU
		{4BF17A9B-CE73-413A-9777-829F6D688A4F}.Debug|Any CPU.Build.0 = Debug|Any CPU
		{4BF17A9B-CE73-413A-9777-829F6D688A4F}.Release|Any CPU.ActiveCfg = Release|Any CPU
		{4BF17A9B-CE73-413A-9777-829F6D688A4F}.Release|Any CPU.Build.0 = Release|Any CPU
		{7B723407-7251-44F8-A31F-CB34B4A97C97}.Debug|Any CPU.ActiveCfg = Debug|Any CPU
		{7B723407-7251-44F8-A31F-CB34B4A97C97}.Debug|Any CPU.Build.0 = Debug|Any CPU
		{7B723407-7251-44F8-A31F-CB34B4A97C97}.Release|Any CPU.ActiveCfg = Release|Any CPU
		{7B723407-7251-44F8-A31F-CB34B4A97C97}.Release|Any CPU.Build.0 = Release|Any CPU
	EndGlobalSection
	GlobalSection(SolutionProperties) = preSolution
		HideSolutionNode = FALSE
	EndGlobalSection
	GlobalSection(ExtensibilityGlobals) = postSolution
		SolutionGuid = {7DB9830F-E448-4660-A8B2-D3F5D1A66693}
	EndGlobalSection
EndGlobal
